
Microsoft Visual Studio Solution File, Format Version 11.00
# Visual Studio 2010
Project("{FAE04EC0-301F-11D3-BF4B-00C04F79EFBC}") = "Assembly-CSharp", "Assembly-CSharp.csproj", "{F92A0F0E-A79E-BB4D-A76C-0304E7674358}"
EndProject
Project("{FAE04EC0-301F-11D3-BF4B-00C04F79EFBC}") = "Oculus.VR", "Oculus.VR.csproj", "{0146E8B5-FC90-6ACB-3E97-8ADD89315604}"
EndProject
Project("{FAE04EC0-301F-11D3-BF4B-00C04F79EFBC}") = "Assembly-CSharp-Editor", "Assembly-CSharp-Editor.csproj", "{246990F7-EB61-C97E-B123-734A7362D696}"
EndProject
Project("{FAE04EC0-301F-11D3-BF4B-00C04F79EFBC}") = "Oculus.VR.Scripts.Editor", "Oculus.VR.Scripts.Editor.csproj", "{104225F3-A2F3-4D78-6869-85AD2CC39B9A}"
EndProject
Project("{FAE04EC0-301F-11D3-BF4B-00C04F79EFBC}") = "Oculus.VR.Editor", "Oculus.VR.Editor.csproj", "{C527A675-41C6-C933-E8F9-43AB952022B2}"
EndProject
Global
	GlobalSection(SolutionConfigurationPlatforms) = preSolution
		Debug|Any CPU = Debug|Any CPU
		Release|Any CPU = Release|Any CPU
	EndGlobalSection
	GlobalSection(ProjectConfigurationPlatforms) = postSolution
		{F92A0F0E-A79E-BB4D-A76C-0304E7674358}.Debug|Any CPU.ActiveCfg = Debug|Any CPU
		{F92A0F0E-A79E-BB4D-A76C-0304E7674358}.Debug|Any CPU.Build.0 = Debug|Any CPU
		{F92A0F0E-A79E-BB4D-A76C-0304E7674358}.Release|Any CPU.ActiveCfg = Release|Any CPU
		{F92A0F0E-A79E-BB4D-A76C-0304E7674358}.Release|Any CPU.Build.0 = Release|Any CPU
		{0146E8B5-FC90-6ACB-3E97-8ADD89315604}.Debug|Any CPU.ActiveCfg = Debug|Any CPU
		{0146E8B5-FC90-6ACB-3E97-8ADD89315604}.Debug|Any CPU.Build.0 = Debug|Any CPU
		{0146E8B5-FC90-6ACB-3E97-8ADD89315604}.Release|Any CPU.ActiveCfg = Release|Any CPU
		{0146E8B5-FC90-6ACB-3E97-8ADD89315604}.Release|Any CPU.Build.0 = Release|Any CPU
		{246990F7-EB61-C97E-B123-734A7362D696}.Debug|Any CPU.ActiveCfg = Debug|Any CPU
		{246990F7-EB61-C97E-B123-734A7362D696}.Debug|Any CPU.Build.0 = Debug|Any CPU
		{246990F7-EB61-C97E-B123-734A7362D696}.Release|Any CPU.ActiveCfg = Release|Any CPU
		{246990F7-EB61-C97E-B123-734A7362D696}.Release|Any CPU.Build.0 = Release|Any CPU
		{104225F3-A2F3-4D78-6869-85AD2CC39B9A}.Debug|Any CPU.ActiveCfg = Debug|Any CPU
		{104225F3-A2F3-4D78-6869-85AD2CC39B9A}.Debug|Any CPU.Build.0 = Debug|Any CPU
		{104225F3-A2F3-4D78-6869-85AD2CC39B9A}.Release|Any CPU.ActiveCfg = Release|Any CPU
		{104225F3-A2F3-4D78-6869-85AD2CC39B9A}.Release|Any CPU.Build.0 = Release|Any CPU
		{C527A675-41C6-C933-E8F9-43AB952022B2}.Debug|Any CPU.ActiveCfg = Debug|Any CPU
		{C527A675-41C6-C933-E8F9-43AB952022B2}.Debug|Any CPU.Build.0 = Debug|Any CPU
		{C527A675-41C6-C933-E8F9-43AB952022B2}.Release|Any CPU.ActiveCfg = Release|Any CPU
		{C527A675-41C6-C933-E8F9-43AB952022B2}.Release|Any CPU.Build.0 = Release|Any CPU
	EndGlobalSection
	GlobalSection(SolutionProperties) = preSolution
		HideSolutionNode = FALSE
	EndGlobalSection
	GlobalSection(MonoDevelopProperties) = preSolution
		StartupItem = Assembly-CSharp.csproj
	EndGlobalSection
EndGlobal
